
Microsoft Visual Studio Solution File, Format Version 12.00
# Visual Studio 15
VisualStudioVersion = 15.0.28307.572
MinimumVisualStudioVersion = 10.0.40219.1
Project("{FAE04EC0-301F-11D3-BF4B-00C04F79EFBC}") = "DomoticaApp.Android", "DomoticaApp\DomoticaApp.Android\DomoticaApp.Android.csproj", "{0133828A-7FDA-4E2F-9F0A-45373C1B53AB}"
EndProject
Project("{FAE04EC0-301F-11D3-BF4B-00C04F79EFBC}") = "DomoticaApp", "DomoticaApp\DomoticaApp\DomoticaApp.csproj", "{30226D7E-5CAE-4A93-99F3-1C0703D63322}"
EndProject
Global
	GlobalSection(SolutionConfigurationPlatforms) = preSolution
		Debug|Any CPU = Debug|Any CPU
		Release|Any CPU = Release|Any CPU
	EndGlobalSection
	GlobalSection(ProjectConfigurationPlatforms) = postSolution
		{0133828A-7FDA-4E2F-9F0A-45373C1B53AB}.Debug|Any CPU.ActiveCfg = Debug|Any CPU
		{0133828A-7FDA-4E2F-9F0A-45373C1B53AB}.Debug|Any CPU.Build.0 = Debug|Any CPU
		{0133828A-7FDA-4E2F-9F0A-45373C1B53AB}.Debug|Any CPU.Deploy.0 = Debug|Any CPU
		{0133828A-7FDA-4E2F-9F0A-45373C1B53AB}.Release|Any CPU.ActiveCfg = Release|Any CPU
		{0133828A-7FDA-4E2F-9F0A-45373C1B53AB}.Release|Any CPU.Build.0 = Release|Any CPU
		{0133828A-7FDA-4E2F-9F0A-45373C1B53AB}.Release|Any CPU.Deploy.0 = Release|Any CPU
		{30226D7E-5CAE-4A93-99F3-1C0703D63322}.Debug|Any CPU.ActiveCfg = Debug|Any CPU
		{30226D7E-5CAE-4A93-99F3-1C0703D63322}.Debug|Any CPU.Build.0 = Debug|Any CPU
		{30226D7E-5CAE-4A93-99F3-1C0703D63322}.Debug|Any CPU.Deploy.0 = Debug|Any CPU
		{30226D7E-5CAE-4A93-99F3-1C0703D63322}.Release|Any CPU.ActiveCfg = Release|Any CPU
		{30226D7E-5CAE-4A93-99F3-1C0703D63322}.Release|Any CPU.Build.0 = Release|Any CPU
		{30226D7E-5CAE-4A93-99F3-1C0703D63322}.Release|Any CPU.Deploy.0 = Release|Any CPU
	EndGlobalSection
	GlobalSection(SolutionProperties) = preSolution
		HideSolutionNode = FALSE
	EndGlobalSection
	GlobalSection(ExtensibilityGlobals) = postSolution
		SolutionGuid = {F9A92B55-3509-4984-8EDB-3B29672F2BF4}
	EndGlobalSection
EndGlobal
